// !$*UTF8*$!
{
	archiveVersion = 1;
	classes = {
	};
	objectVersion = 48;
	objects = {

/* Begin PBXBuildFile section */
		B31EEAA81FFB3D2700146B91 /* AppDelegate.swift in Sources */ = {isa = PBXBuildFile; fileRef = B31EEAA71FFB3D2700146B91 /* AppDelegate.swift */; };
		B31EEAAA1FFB3D2700146B91 /* ViewController.swift in Sources */ = {isa = PBXBuildFile; fileRef = B31EEAA91FFB3D2700146B91 /* ViewController.swift */; };
		B31EEAAD1FFB3D2800146B91 /* Main.storyboard in Resources */ = {isa = PBXBuildFile; fileRef = B31EEAAB1FFB3D2800146B91 /* Main.storyboard */; };
		B31EEAAF1FFB3D2800146B91 /* Assets.xcassets in Resources */ = {isa = PBXBuildFile; fileRef = B31EEAAE1FFB3D2800146B91 /* Assets.xcassets */; };
		B31EEAB21FFB3D2800146B91 /* LaunchScreen.storyboard in Resources */ = {isa = PBXBuildFile; fileRef = B31EEAB01FFB3D2800146B91 /* LaunchScreen.storyboard */; };
		B31EEABD1FFB3D2800146B91 /* CalculatorAppTests.swift in Sources */ = {isa = PBXBuildFile; fileRef = B31EEABC1FFB3D2800146B91 /* CalculatorAppTests.swift */; };
		B31EEAC81FFB3D2800146B91 /* CalculatorAppUITests.swift in Sources */ = {isa = PBXBuildFile; fileRef = B31EEAC71FFB3D2800146B91 /* CalculatorAppUITests.swift */; };
/* End PBXBuildFile section */

/* Begin PBXContainerItemProxy section */
		B31EEAB91FFB3D2800146B91 /* PBXContainerItemProxy */ = {
			isa = PBXContainerItemProxy;
			containerPortal = B31EEA9C1FFB3D2700146B91 /* Project object */;
			proxyType = 1;
			remoteGlobalIDString = B31EEAA31FFB3D2700146B91;
			remoteInfo = CalculatorApp;
		};
		B31EEAC41FFB3D2800146B91 /* PBXContainerItemProxy */ = {
			isa = PBXContainerItemProxy;
			containerPortal = B31EEA9C1FFB3D2700146B91 /* Project object */;
			proxyType = 1;
			remoteGlobalIDString = B31EEAA31FFB3D2700146B91;
			remoteInfo = CalculatorApp;
		};
/* End PBXContainerItemProxy section */

/* Begin PBXFileReference section */
		B31EEAA41FFB3D2700146B91 /* CalculatorApp.app */ = {isa = PBXFileReference; explicitFileType = wrapper.application; includeInIndex = 0; path = CalculatorApp.app; sourceTree = BUILT_PRODUCTS_DIR; };
		B31EEAA71FFB3D2700146B91 /* AppDelegate.swift */ = {isa = PBXFileReference; lastKnownFileType = sourcecode.swift; path = AppDelegate.swift; sourceTree = "<group>"; };
		B31EEAA91FFB3D2700146B91 /* ViewController.swift */ = {isa = PBXFileReference; lastKnownFileType = sourcecode.swift; path = ViewController.swift; sourceTree = "<group>"; };
		B31EEAAC1FFB3D2800146B91 /* Base */ = {isa = PBXFileReference; lastKnownFileType = file.storyboard; name = Base; path = Base.lproj/Main.storyboard; sourceTree = "<group>"; };
		B31EEAAE1FFB3D2800146B91 /* Assets.xcassets */ = {isa = PBXFileReference; lastKnownFileType = folder.assetcatalog; path = Assets.xcassets; sourceTree = "<group>"; };
		B31EEAB11FFB3D2800146B91 /* Base */ = {isa = PBXFileReference; lastKnownFileType = file.storyboard; name = Base; path = Base.lproj/LaunchScreen.storyboard; sourceTree = "<group>"; };
		B31EEAB31FFB3D2800146B91 /* Info.plist */ = {isa = PBXFileReference; lastKnownFileType = text.plist.xml; path = Info.plist; sourceTree = "<group>"; };
		B31EEAB81FFB3D2800146B91 /* CalculatorAppTests.xctest */ = {isa = PBXFileReference; explicitFileType = wrapper.cfbundle; includeInIndex = 0; path = CalculatorAppTests.xctest; sourceTree = BUILT_PRODUCTS_DIR; };
		B31EEABC1FFB3D2800146B91 /* CalculatorAppTests.swift */ = {isa = PBXFileReference; lastKnownFileType = sourcecode.swift; path = CalculatorAppTests.swift; sourceTree = "<group>"; };
		B31EEABE1FFB3D2800146B91 /* Info.plist */ = {isa = PBXFileReference; lastKnownFileType = text.plist.xml; path = Info.plist; sourceTree = "<group>"; };
		B31EEAC31FFB3D2800146B91 /* CalculatorAppUITests.xctest */ = {isa = PBXFileReference; explicitFileType = wrapper.cfbundle; includeInIndex = 0; path = CalculatorAppUITests.xctest; sourceTree = BUILT_PRODUCTS_DIR; };
		B31EEAC71FFB3D2800146B91 /* CalculatorAppUITests.swift */ = {isa = PBXFileReference; lastKnownFileType = sourcecode.swift; path = CalculatorAppUITests.swift; sourceTree = "<group>"; };
		B31EEAC91FFB3D2800146B91 /* Info.plist */ = {isa = PBXFileReference; lastKnownFileType = text.plist.xml; path = Info.plist; sourceTree = "<group>"; };
/* End PBXFileReference section */

/* Begin PBXFrameworksBuildPhase section */
		B31EEAA11FFB3D2700146B91 /* Frameworks */ = {
			isa = PBXFrameworksBuildPhase;
			buildActionMask = 2147483647;
			files = (
			);
			runOnlyForDeploymentPostprocessing = 0;
		};
		B31EEAB51FFB3D2800146B91 /* Frameworks */ = {
			isa = PBXFrameworksBuildPhase;
			buildActionMask = 2147483647;
			files = (
			);
			runOnlyForDeploymentPostprocessing = 0;
		};
		B31EEAC01FFB3D2800146B91 /* Frameworks */ = {
			isa = PBXFrameworksBuildPhase;
			buildActionMask = 2147483647;
			files = (
			);
			runOnlyForDeploymentPostprocessing = 0;
		};
/* End PBXFrameworksBuildPhase section */

/* Begin PBXGroup section */
		B31EEA9B1FFB3D2700146B91 = {
			isa = PBXGroup;
			children = (
				B31EEAA61FFB3D2700146B91 /* CalculatorApp */,
				B31EEABB1FFB3D2800146B91 /* CalculatorAppTests */,
				B31EEAC61FFB3D2800146B91 /* CalculatorAppUITests */,
				B31EEAA51FFB3D2700146B91 /* Products */,
			);
			sourceTree = "<group>";
		};
		B31EEAA51FFB3D2700146B91 /* Products */ = {
			isa = PBXGroup;
			children = (
				B31EEAA41FFB3D2700146B91 /* CalculatorApp.app */,
				B31EEAB81FFB3D2800146B91 /* CalculatorAppTests.xctest */,
				B31EEAC31FFB3D2800146B91 /* CalculatorAppUITests.xctest */,
			);
			name = Products;
			sourceTree = "<group>";
		};
		B31EEAA61FFB3D2700146B91 /* CalculatorApp */ = {
			isa = PBXGroup;
			children = (
				B31EEAA71FFB3D2700146B91 /* AppDelegate.swift */,
				B31EEAA91FFB3D2700146B91 /* ViewController.swift */,
				B31EEAAB1FFB3D2800146B91 /* Main.storyboard */,
				B31EEAAE1FFB3D2800146B91 /* Assets.xcassets */,
				B31EEAB01FFB3D2800146B91 /* LaunchScreen.storyboard */,
				B31EEAB31FFB3D2800146B91 /* Info.plist */,
			);
			path = CalculatorApp;
			sourceTree = "<group>";
		};
		B31EEABB1FFB3D2800146B91 /* CalculatorAppTests */ = {
			isa = PBXGroup;
			children = (
				B31EEABC1FFB3D2800146B91 /* CalculatorAppTests.swift */,
				B31EEABE1FFB3D2800146B91 /* Info.plist */,
			);
			path = CalculatorAppTests;
			sourceTree = "<group>";
		};
		B31EEAC61FFB3D2800146B91 /* CalculatorAppUITests */ = {
			isa = PBXGroup;
			children = (
				B31EEAC71FFB3D2800146B91 /* CalculatorAppUITests.swift */,
				B31EEAC91FFB3D2800146B91 /* Info.plist */,
			);
			path = CalculatorAppUITests;
			sourceTree = "<group>";
		};
/* End PBXGroup section */

/* Begin PBXNativeTarget section */
		B31EEAA31FFB3D2700146B91 /* CalculatorApp */ = {
			isa = PBXNativeTarget;
			buildConfigurationList = B31EEACC1FFB3D2800146B91 /* Build configuration list for PBXNativeTarget "CalculatorApp" */;
			buildPhases = (
				B31EEAA01FFB3D2700146B91 /* Sources */,
				B31EEAA11FFB3D2700146B91 /* Frameworks */,
				B31EEAA21FFB3D2700146B91 /* Resources */,
			);
			buildRules = (
			);
			dependencies = (
			);
			name = CalculatorApp;
			productName = CalculatorApp;
			productReference = B31EEAA41FFB3D2700146B91 /* CalculatorApp.app */;
			productType = "com.apple.product-type.application";
		};
		B31EEAB71FFB3D2800146B91 /* CalculatorAppTests */ = {
			isa = PBXNativeTarget;
			buildConfigurationList = B31EEACF1FFB3D2800146B91 /* Build configuration list for PBXNativeTarget "CalculatorAppTests" */;
			buildPhases = (
				B31EEAB41FFB3D2800146B91 /* Sources */,
				B31EEAB51FFB3D2800146B91 /* Frameworks */,
				B31EEAB61FFB3D2800146B91 /* Resources */,
			);
			buildRules = (
			);
			dependencies = (
				B31EEABA1FFB3D2800146B91 /* PBXTargetDependency */,
			);
			name = CalculatorAppTests;
			productName = CalculatorAppTests;
			productReference = B31EEAB81FFB3D2800146B91 /* CalculatorAppTests.xctest */;
			productType = "com.apple.product-type.bundle.unit-test";
		};
		B31EEAC21FFB3D2800146B91 /* CalculatorAppUITests */ = {
			isa = PBXNativeTarget;
			buildConfigurationList = B31EEAD21FFB3D2800146B91 /* Build configuration list for PBXNativeTarget "CalculatorAppUITests" */;
			buildPhases = (
				B31EEABF1FFB3D2800146B91 /* Sources */,
				B31EEAC01FFB3D2800146B91 /* Frameworks */,
				B31EEAC11FFB3D2800146B91 /* Resources */,
			);
			buildRules = (
			);
			dependencies = (
				B31EEAC51FFB3D2800146B91 /* PBXTargetDependency */,
			);
			name = CalculatorAppUITests;
			productName = CalculatorAppUITests;
			productReference = B31EEAC31FFB3D2800146B91 /* CalculatorAppUITests.xctest */;
			productType = "com.apple.product-type.bundle.ui-testing";
		};
/* End PBXNativeTarget section */

/* Begin PBXProject section */
		B31EEA9C1FFB3D2700146B91 /* Project object */ = {
			isa = PBXProject;
			attributes = {
				LastSwiftUpdateCheck = 0900;
				LastUpgradeCheck = 0900;
				ORGANIZATIONNAME = "Jaime Jazareno III";
				TargetAttributes = {
					B31EEAA31FFB3D2700146B91 = {
						CreatedOnToolsVersion = 9.0;
						ProvisioningStyle = Automatic;
					};
					B31EEAB71FFB3D2800146B91 = {
						CreatedOnToolsVersion = 9.0;
						ProvisioningStyle = Automatic;
						TestTargetID = B31EEAA31FFB3D2700146B91;
					};
					B31EEAC21FFB3D2800146B91 = {
						CreatedOnToolsVersion = 9.0;
						ProvisioningStyle = Automatic;
						TestTargetID = B31EEAA31FFB3D2700146B91;
					};
				};
			};
			buildConfigurationList = B31EEA9F1FFB3D2700146B91 /* Build configuration list for PBXProject "CalculatorApp" */;
			compatibilityVersion = "Xcode 8.0";
			developmentRegion = en;
			hasScannedForEncodings = 0;
			knownRegions = (
				en,
				Base,
			);
			mainGroup = B31EEA9B1FFB3D2700146B91;
			productRefGroup = B31EEAA51FFB3D2700146B91 /* Products */;
			projectDirPath = "";
			projectRoot = "";
			targets = (
				B31EEAA31FFB3D2700146B91 /* CalculatorApp */,
				B31EEAB71FFB3D2800146B91 /* CalculatorAppTests */,
				B31EEAC21FFB3D2800146B91 /* CalculatorAppUITests */,
			);
		};
/* End PBXProject section */

/* Begin PBXResourcesBuildPhase section */
		B31EEAA21FFB3D2700146B91 /* Resources */ = {
			isa = PBXResourcesBuildPhase;
			buildActionMask = 2147483647;
			files = (
				B31EEAB21FFB3D2800146B91 /* LaunchScreen.storyboard in Resources */,
				B31EEAAF1FFB3D2800146B91 /* Assets.xcassets in Resources */,
				B31EEAAD1FFB3D2800146B91 /* Main.storyboard in Resources */,
			);
			runOnlyForDeploymentPostprocessing = 0;
		};
		B31EEAB61FFB3D2800146B91 /* Resources */ = {
			isa = PBXResourcesBuildPhase;
			buildActionMask = 2147483647;
			files = (
			);
			runOnlyForDeploymentPostprocessing = 0;
		};
		B31EEAC11FFB3D2800146B91 /* Resources */ = {
			isa = PBXResourcesBuildPhase;
			buildActionMask = 2147483647;
			files = (
			);
			runOnlyForDeploymentPostprocessing = 0;
		};
/* End PBXResourcesBuildPhase section */

/* Begin PBXSourcesBuildPhase section */
		B31EEAA01FFB3D2700146B91 /* Sources */ = {
			isa = PBXSourcesBuildPhase;
			buildActionMask = 2147483647;
			files = (
				B31EEAAA1FFB3D2700146B91 /* ViewController.swift in Sources */,
				B31EEAA81FFB3D2700146B91 /* AppDelegate.swift in Sources */,
			);
			runOnlyForDeploymentPostprocessing = 0;
		};
		B31EEAB41FFB3D2800146B91 /* Sources */ = {
			isa = PBXSourcesBuildPhase;
			buildActionMask = 2147483647;
			files = (
				B31EEABD1FFB3D2800146B91 /* CalculatorAppTests.swift in Sources */,
			);
			runOnlyForDeploymentPostprocessing = 0;
		};
		B31EEABF1FFB3D2800146B91 /* Sources */ = {
			isa = PBXSourcesBuildPhase;
			buildActionMask = 2147483647;
			files = (
				B31EEAC81FFB3D2800146B91 /* CalculatorAppUITests.swift in Sources */,
			);
			runOnlyForDeploymentPostprocessing = 0;
		};
/* End PBXSourcesBuildPhase section */

/* Begin PBXTargetDependency section */
		B31EEABA1FFB3D2800146B91 /* PBXTargetDependency */ = {
			isa = PBXTargetDependency;
			target = B31EEAA31FFB3D2700146B91 /* CalculatorApp */;
			targetProxy = B31EEAB91FFB3D2800146B91 /* PBXContainerItemProxy */;
		};
		B31EEAC51FFB3D2800146B91 /* PBXTargetDependency */ = {
			isa = PBXTargetDependency;
			target = B31EEAA31FFB3D2700146B91 /* CalculatorApp */;
			targetProxy = B31EEAC41FFB3D2800146B91 /* PBXContainerItemProxy */;
		};
/* End PBXTargetDependency section */

/* Begin PBXVariantGroup section */
		B31EEAAB1FFB3D2800146B91 /* Main.storyboard */ = {
			isa = PBXVariantGroup;
			children = (
				B31EEAAC1FFB3D2800146B91 /* Base */,
			);
			name = Main.storyboard;
			sourceTree = "<group>";
		};
		B31EEAB01FFB3D2800146B91 /* LaunchScreen.storyboard */ = {
			isa = PBXVariantGroup;
			children = (
				B31EEAB11FFB3D2800146B91 /* Base */,
			);
			name = LaunchScreen.storyboard;
			sourceTree = "<group>";
		};
/* End PBXVariantGroup section */

/* Begin XCBuildConfiguration section */
		B31EEACA1FFB3D2800146B91 /* Debug */ = {
			isa = XCBuildConfiguration;
			buildSettings = {
				ALWAYS_SEARCH_USER_PATHS = NO;
				CLANG_ANALYZER_NONNULL = YES;
				CLANG_ANALYZER_NUMBER_OBJECT_CONVERSION = YES_AGGRESSIVE;
				CLANG_CXX_LANGUAGE_STANDARD = "gnu++14";
				CLANG_CXX_LIBRARY = "libc++";
				CLANG_ENABLE_MODULES = YES;
				CLANG_ENABLE_OBJC_ARC = YES;
				CLANG_WARN_BLOCK_CAPTURE_AUTORELEASING = YES;
				CLANG_WARN_BOOL_CONVERSION = YES;
				CLANG_WARN_COMMA = YES;
				CLANG_WARN_CONSTANT_CONVERSION = YES;
				CLANG_WARN_DIRECT_OBJC_ISA_USAGE = YES_ERROR;
				CLANG_WARN_DOCUMENTATION_COMMENTS = YES;
				CLANG_WARN_EMPTY_BODY = YES;
				CLANG_WARN_ENUM_CONVERSION = YES;
				CLANG_WARN_INFINITE_RECURSION = YES;
				CLANG_WARN_INT_CONVERSION = YES;
				CLANG_WARN_NON_LITERAL_NULL_CONVERSION = YES;
				CLANG_WARN_OBJC_LITERAL_CONVERSION = YES;
				CLANG_WARN_OBJC_ROOT_CLASS = YES_ERROR;
				CLANG_WARN_RANGE_LOOP_ANALYSIS = YES;
				CLANG_WARN_STRICT_PROTOTYPES = YES;
				CLANG_WARN_SUSPICIOUS_MOVE = YES;
				CLANG_WARN_UNGUARDED_AVAILABILITY = YES_AGGRESSIVE;
				CLANG_WARN_UNREACHABLE_CODE = YES;
				CLANG_WARN__DUPLICATE_METHOD_MATCH = YES;
				CODE_SIGN_IDENTITY = "iPhone Developer";
				COPY_PHASE_STRIP = NO;
				DEBUG_INFORMATION_FORMAT = dwarf;
				ENABLE_STRICT_OBJC_MSGSEND = YES;
				ENABLE_TESTABILITY = YES;
				GCC_C_LANGUAGE_STANDARD = gnu11;
				GCC_DYNAMIC_NO_PIC = NO;
				GCC_NO_COMMON_BLOCKS = YES;
				GCC_OPTIMIZATION_LEVEL = 0;
				GCC_PREPROCESSOR_DEFINITIONS = (
					"DEBUG=1",
					"$(inherited)",
				);
				GCC_WARN_64_TO_32_BIT_CONVERSION = YES;
				GCC_WARN_ABOUT_RETURN_TYPE = YES_ERROR;
				GCC_WARN_UNDECLARED_SELECTOR = YES;
				GCC_WARN_UNINITIALIZED_AUTOS = YES_AGGRESSIVE;
				GCC_WARN_UNUSED_FUNCTION = YES;
				GCC_WARN_UNUSED_VARIABLE = YES;
				IPHONEOS_DEPLOYMENT_TARGET = 11.0;
				MTL_ENABLE_DEBUG_INFO = YES;
				ONLY_ACTIVE_ARCH = YES;
				SDKROOT = iphoneos;
				SWIFT_ACTIVE_COMPILATION_CONDITIONS = DEBUG;
				SWIFT_OPTIMIZATION_LEVEL = "-Onone";
			};
			name = Debug;
		};
		B31EEACB1FFB3D2800146B91 /* Release */ = {
			isa = XCBuildConfiguration;
			buildSettings = {
				ALWAYS_SEARCH_USER_PATHS = NO;
				CLANG_ANALYZER_NONNULL = YES;
				CLANG_ANALYZER_NUMBER_OBJECT_CONVERSION = YES_AGGRESSIVE;
				CLANG_CXX_LANGUAGE_STANDARD = "gnu++14";
				CLANG_CXX_LIBRARY = "libc++";
				CLANG_ENABLE_MODULES = YES;
				CLANG_ENABLE_OBJC_ARC = YES;
				CLANG_WARN_BLOCK_CAPTURE_AUTORELEASING = YES;
				CLANG_WARN_BOOL_CONVERSION = YES;
				CLANG_WARN_COMMA = YES;
				CLANG_WARN_CONSTANT_CONVERSION = YES;
				CLANG_WARN_DIRECT_OBJC_ISA_USAGE = YES_ERROR;
				CLANG_WARN_DOCUMENTATION_COMMENTS = YES;
				CLANG_WARN_EMPTY_BODY = YES;
				CLANG_WARN_ENUM_CONVERSION = YES;
				CLANG_WARN_INFINITE_RECURSION = YES;
				CLANG_WARN_INT_CONVERSION = YES;
				CLANG_WARN_NON_LITERAL_NULL_CONVERSION = YES;
				CLANG_WARN_OBJC_LITERAL_CONVERSION = YES;
				CLANG_WARN_OBJC_ROOT_CLASS = YES_ERROR;
				CLANG_WARN_RANGE_LOOP_ANALYSIS = YES;
				CLANG_WARN_STRICT_PROTOTYPES = YES;
				CLANG_WARN_SUSPICIOUS_MOVE = YES;
				CLANG_WARN_UNGUARDED_AVAILABILITY = YES_AGGRESSIVE;
				CLANG_WARN_UNREACHABLE_CODE = YES;
				CLANG_WARN__DUPLICATE_METHOD_MATCH = YES;
				CODE_SIGN_IDENTITY = "iPhone Developer";
				COPY_PHASE_STRIP = NO;
				DEBUG_INFORMATION_FORMAT = "dwarf-with-dsym";
				ENABLE_NS_ASSERTIONS = NO;
				ENABLE_STRICT_OBJC_MSGSEND = YES;
				GCC_C_LANGUAGE_STANDARD = gnu11;
				GCC_NO_COMMON_BLOCKS = YES;
				GCC_WARN_64_TO_32_BIT_CONVERSION = YES;
				GCC_WARN_ABOUT_RETURN_TYPE = YES_ERROR;
				GCC_WARN_UNDECLARED_SELECTOR = YES;
				GCC_WARN_UNINITIALIZED_AUTOS = YES_AGGRESSIVE;
				GCC_WARN_UNUSED_FUNCTION = YES;
				GCC_WARN_UNUSED_VARIABLE = YES;
				IPHONEOS_DEPLOYMENT_TARGET = 11.0;
				MTL_ENABLE_DEBUG_INFO = NO;
				SDKROOT = iphoneos;
				SWIFT_OPTIMIZATION_LEVEL = "-Owholemodule";
				VALIDATE_PRODUCT = YES;
			};
			name = Release;
		};
		B31EEACD1FFB3D2800146B91 /* Debug */ = {
			isa = XCBuildConfiguration;
			buildSettings = {
				ASSETCATALOG_COMPILER_APPICON_NAME = AppIcon;
				CODE_SIGN_STYLE = Automatic;
				DEVELOPMENT_TEAM = BQDG9MF992;
				INFOPLIST_FILE = CalculatorApp/Info.plist;
				LD_RUNPATH_SEARCH_PATHS = "$(inherited) @executable_path/Frameworks";
				PRODUCT_BUNDLE_IDENTIFIER = com.jaimejazarenopersonal.CalculatorApp;
				PRODUCT_NAME = "$(TARGET_NAME)";
				SWIFT_VERSION = 4.0;
				TARGETED_DEVICE_FAMILY = "1,2";
			};
			name = Debug;
		};
		B31EEACE1FFB3D2800146B91 /* Release */ = {
			isa = XCBuildConfiguration;
			buildSettings = {
				ASSETCATALOG_COMPILER_APPICON_NAME = AppIcon;
				CODE_SIGN_STYLE = Automatic;
				DEVELOPMENT_TEAM = BQDG9MF992;
				INFOPLIST_FILE = CalculatorApp/Info.plist;
				LD_RUNPATH_SEARCH_PATHS = "$(inherited) @executable_path/Frameworks";
				PRODUCT_BUNDLE_IDENTIFIER = com.jaimejazarenopersonal.CalculatorApp;
				PRODUCT_NAME = "$(TARGET_NAME)";
				SWIFT_VERSION = 4.0;
				TARGETED_DEVICE_FAMILY = "1,2";
			};
			name = Release;
		};
		B31EEAD01FFB3D2800146B91 /* Debug */ = {
			isa = XCBuildConfiguration;
			buildSettings = {
				ALWAYS_EMBED_SWIFT_STANDARD_LIBRARIES = YES;
				BUNDLE_LOADER = "$(TEST_HOST)";
				CODE_SIGN_STYLE = Automatic;
				DEVELOPMENT_TEAM = BQDG9MF992;
				INFOPLIST_FILE = CalculatorAppTests/Info.plist;
				LD_RUNPATH_SEARCH_PATHS = "$(inherited) @executable_path/Frameworks @loader_path/Frameworks";
				PRODUCT_BUNDLE_IDENTIFIER = com.jaimejazarenopersonal.CalculatorAppTests;
				PRODUCT_NAME = "$(TARGET_NAME)";
				SWIFT_VERSION = 4.0;
				TARGETED_DEVICE_FAMILY = "1,2";
				TEST_HOST = "$(BUILT_PRODUCTS_DIR)/CalculatorApp.app/CalculatorApp";
			};
			name = Debug;
		};
		B31EEAD11FFB3D2800146B91 /* Release */ = {
			isa = XCBuildConfiguration;
			buildSettings = {
				ALWAYS_EMBED_SWIFT_STANDARD_LIBRARIES = YES;
				BUNDLE_LOADER = "$(TEST_HOST)";
				CODE_SIGN_STYLE = Automatic;
				DEVELOPMENT_TEAM = BQDG9MF992;
				INFOPLIST_FILE = CalculatorAppTests/Info.plist;
				LD_RUNPATH_SEARCH_PATHS = "$(inherited) @executable_path/Frameworks @loader_path/Frameworks";
				PRODUCT_BUNDLE_IDENTIFIER = com.jaimejazarenopersonal.CalculatorAppTests;
				PRODUCT_NAME = "$(TARGET_NAME)";
				SWIFT_VERSION = 4.0;
				TARGETED_DEVICE_FAMILY = "1,2";
				TEST_HOST = "$(BUILT_PRODUCTS_DIR)/CalculatorApp.app/CalculatorApp";
			};
			name = Release;
		};
		B31EEAD31FFB3D2800146B91 /* Debug */ = {
			isa = XCBuildConfiguration;
			buildSettings = {
				ALWAYS_EMBED_SWIFT_STANDARD_LIBRARIES = YES;
				CODE_SIGN_STYLE = Automatic;
				DEVELOPMENT_TEAM = BQDG9MF992;
				INFOPLIST_FILE = CalculatorAppUITests/Info.plist;
				LD_RUNPATH_SEARCH_PATHS = "$(inherited) @executable_path/Frameworks @loader_path/Frameworks";
				PRODUCT_BUNDLE_IDENTIFIER = com.jaimejazarenopersonal.CalculatorAppUITests;
				PRODUCT_NAME = "$(TARGET_NAME)";
				SWIFT_VERSION = 4.0;
				TARGETED_DEVICE_FAMILY = "1,2";
				TEST_TARGET_NAME = CalculatorApp;
			};
			name = Debug;
		};
		B31EEAD41FFB3D2800146B91 /* Release */ = {
			isa = XCBuildConfiguration;
			buildSettings = {
				ALWAYS_EMBED_SWIFT_STANDARD_LIBRARIES = YES;
				CODE_SIGN_STYLE = Automatic;
				DEVELOPMENT_TEAM = BQDG9MF992;
				INFOPLIST_FILE = CalculatorAppUITests/Info.plist;
				LD_RUNPATH_SEARCH_PATHS = "$(inherited) @executable_path/Frameworks @loader_path/Frameworks";
				PRODUCT_BUNDLE_IDENTIFIER = com.jaimejazarenopersonal.CalculatorAppUITests;
				PRODUCT_NAME = "$(TARGET_NAME)";
				SWIFT_VERSION = 4.0;
				TARGETED_DEVICE_FAMILY = "1,2";
				TEST_TARGET_NAME = CalculatorApp;
			};
			name = Release;
		};
/* End XCBuildConfiguration section */

/* Begin XCConfigurationList section */
		B31EEA9F1FFB3D2700146B91 /* Build configuration list for PBXProject "CalculatorApp" */ = {
			isa = XCConfigurationList;
			buildConfigurations = (
				B31EEACA1FFB3D2800146B91 /* Debug */,
				B31EEACB1FFB3D2800146B91 /* Release */,
			);
			defaultConfigurationIsVisible = 0;
			defaultConfigurationName = Release;
		};
		B31EEACC1FFB3D2800146B91 /* Build configuration list for PBXNativeTarget "CalculatorApp" */ = {
			isa = XCConfigurationList;
			buildConfigurations = (
				B31EEACD1FFB3D2800146B91 /* Debug */,
				B31EEACE1FFB3D2800146B91 /* Release */,
			);
			defaultConfigurationIsVisible = 0;
			defaultConfigurationName = Release;
		};
		B31EEACF1FFB3D2800146B91 /* Build configuration list for PBXNativeTarget "CalculatorAppTests" */ = {
			isa = XCConfigurationList;
			buildConfigurations = (
				B31EEAD01FFB3D2800146B91 /* Debug */,
				B31EEAD11FFB3D2800146B91 /* Release */,
			);
			defaultConfigurationIsVisible = 0;
			defaultConfigurationName = Release;
		};
		B31EEAD21FFB3D2800146B91 /* Build configuration list for PBXNativeTarget "CalculatorAppUITests" */ = {
			isa = XCConfigurationList;
			buildConfigurations = (
				B31EEAD31FFB3D2800146B91 /* Debug */,
				B31EEAD41FFB3D2800146B91 /* Release */,
			);
			defaultConfigurationIsVisible = 0;
			defaultConfigurationName = Release;
		};
/* End XCConfigurationList section */
	};
	rootObject = B31EEA9C1FFB3D2700146B91 /* Project object */;
}
